
Microsoft Visual Studio Solution File, Format Version 12.00
# Visual Studio Version 17
VisualStudioVersion = 17.5.33516.290
MinimumVisualStudioVersion = 10.0.40219.1
Project("{9092AA53-FB77-4645-B42D-1CCCA6BD08BD}") = "portfolio-website", "portfolio-website\portfolio-website.njsproj", "{AA0AE409-BF03-4FC9-B73A-BFC6F3E8E88D}"
EndProject
Global
	GlobalSection(SolutionConfigurationPlatforms) = preSolution
		Debug|Any CPU = Debug|Any CPU
		Release|Any CPU = Release|Any CPU
	EndGlobalSection
	GlobalSection(ProjectConfigurationPlatforms) = postSolution
		{AA0AE409-BF03-4FC9-B73A-BFC6F3E8E88D}.Debug|Any CPU.ActiveCfg = Debug|Any CPU
		{AA0AE409-BF03-4FC9-B73A-BFC6F3E8E88D}.Debug|Any CPU.Build.0 = Debug|Any CPU
		{AA0AE409-BF03-4FC9-B73A-BFC6F3E8E88D}.Release|Any CPU.ActiveCfg = Release|Any CPU
		{AA0AE409-BF03-4FC9-B73A-BFC6F3E8E88D}.Release|Any CPU.Build.0 = Release|Any CPU
	EndGlobalSection
	GlobalSection(SolutionProperties) = preSolution
		HideSolutionNode = FALSE
	EndGlobalSection
	GlobalSection(ExtensibilityGlobals) = postSolution
		SolutionGuid = {F9BCFFAF-F6B7-4550-B9AD-42F721E6D195}
	EndGlobalSection
EndGlobal
